lockfileVersion: '9.0'

settings:
  autoInstallPeers: true
  excludeLinksFromLockfile: false

importers:

  .:
    dependencies:
      '@hanzo/design':
        specifier: ^0.4.9
        version: 0.4.9
    devDependencies:
      typescript:
        specifier: ^5.9.3
        version: 5.9.3

packages:

  '@hanzo/design@0.4.9':
    resolution: {integrity: sha512-8zhsAxJM1y+nqc6nRrXs1/Ig5V2Lk4/XkXduP/7o/S7XahDlG9dYRTIz6uIyMzAAC7uv8Zo28KiohMizhZeKOQ==}
    hasBin: true

  typescript@5.9.3:
    resolution: {integrity: sha512-jl1vZzPDinLr9eUt3J/t7V6FgNEw9QjvBPdysz9KfQDD41fQrC2Y4vKQdiaUpFT4bXlb1RHhLpp8wtm6M5TgSw==}
    engines: {node: '>=14.17'}
    hasBin: true

snapshots:

  '@hanzo/design@0.4.9': {}

  typescript@5.9.3: {}
